
Microsoft Visual Studio Solution File, Format Version 12.00
# Visual Studio Version 17
VisualStudioVersion = 17.11.35222.181
MinimumVisualStudioVersion = 10.0.40219.1
Project("{FAE04EC0-301F-11D3-BF4B-00C04F79EFBC}") = "Prog_Gold", "Prog_Gold.csproj", "{E81BD1B4-C860-45B3-954A-6EE7E8A0BACF}"
EndProject
Global
	GlobalSection(SolutionConfigurationPlatforms) = preSolution
		Debug|Any CPU = Debug|Any CPU
		Release|Any CPU = Release|Any CPU
	EndGlobalSection
	GlobalSection(ProjectConfigurationPlatforms) = postSolution
		{E81BD1B4-C860-45B3-954A-6EE7E8A0BACF}.Debug|Any CPU.ActiveCfg = Debug|Any CPU
		{E81BD1B4-C860-45B3-954A-6EE7E8A0BACF}.Debug|Any CPU.Build.0 = Debug|Any CPU
		{E81BD1B4-C860-45B3-954A-6EE7E8A0BACF}.Release|Any CPU.ActiveCfg = Release|Any CPU
		{E81BD1B4-C860-45B3-954A-6EE7E8A0BACF}.Release|Any CPU.Build.0 = Release|Any CPU
	EndGlobalSection
	GlobalSection(SolutionProperties) = preSolution
		HideSolutionNode = FALSE
	EndGlobalSection
	GlobalSection(ExtensibilityGlobals) = postSolution
		SolutionGuid = {EDE888AD-AE1F-4D77-93CC-6026CFF0983A}
	EndGlobalSection
EndGlobal
